
Microsoft Visual Studio Solution File, Format Version 12.00
# Visual Studio Version 16
VisualStudioVersion = 16.0.29509.3
MinimumVisualStudioVersion = 10.0.40219.1
Project("{FAE04EC0-301F-11D3-BF4B-00C04F79EFBC}") = "PipesAndFilters", "PipesAndFilters\PipesAndFilters.csproj", "{8CF9BDE0-C33A-4C5C-A756-44A9470D9449}"
EndProject
Global
	GlobalSection(SolutionConfigurationPlatforms) = preSolution
		Debug|Any CPU = Debug|Any CPU
		Release|Any CPU = Release|Any CPU
	EndGlobalSection
	GlobalSection(ProjectConfigurationPlatforms) = postSolution
		{8CF9BDE0-C33A-4C5C-A756-44A9470D9449}.Debug|Any CPU.ActiveCfg = Debug|Any CPU
		{8CF9BDE0-C33A-4C5C-A756-44A9470D9449}.Debug|Any CPU.Build.0 = Debug|Any CPU
		{8CF9BDE0-C33A-4C5C-A756-44A9470D9449}.Release|Any CPU.ActiveCfg = Release|Any CPU
		{8CF9BDE0-C33A-4C5C-A756-44A9470D9449}.Release|Any CPU.Build.0 = Release|Any CPU
	EndGlobalSection
	GlobalSection(SolutionProperties) = preSolution
		HideSolutionNode = FALSE
	EndGlobalSection
	GlobalSection(ExtensibilityGlobals) = postSolution
		SolutionGuid = {7DC8390A-15D3-40F3-A158-020B7D0E23E2}
	EndGlobalSection
EndGlobal
